PODS:
  - FXKeychain (1.5.2)
  - OHMKit (0.2.0)
  - SafeCast (1.1.1)

DEPENDENCIES:
  - FXKeychain
  - OHMKit
  - SafeCast

SPEC CHECKSUMS:
  FXKeychain: 1a711bddc04a2bd69850dcfe297b8a43027a9980
  OHMKit: 3569aae9aebc41e218451e4e1d5e77d8bdb28684
  SafeCast: 2793023bdf33abb2f157f4a70d68850302c8b285

COCOAPODS: 0.36.3
